<?xml version="1.0" encoding="UTF-8" standalone="yes" ?>
<CodeBlocks_project_file>
	<FileVersion major="1" minor="6" />
	<Project>
		<Option title="Railway_Reservation_System_new" />
		<Option pch_mode="2" />
		<Option compiler="gcc" />
		<Build>
			<Target title="Debug">
				<Option output="bin/Debug/Railway_Reservation_System" prefix_auto="1" extension_auto="1" />
				<Option object_output="obj/Debug/" />
				<Option type="1" />
				<Option compiler="gcc" />
				<Compiler>
					<Add option="-g" />
				</Compiler>
			</Target>
			<Target title="Release">
				<Option output="bin/Release/Railway_Reservation_System" prefix_auto="1" extension_auto="1" />
				<Option object_output="obj/Release/" />
				<Option type="1" />
				<Option compiler="gcc" />
				<Compiler>
					<Add option="-O2" />
				</Compiler>
				<Linker>
					<Add option="-s" />
				</Linker>
			</Target>
		</Build>
		<Compiler>
			<Add option="-Wall" />
		</Compiler>
		<Unit filename="booking_func.c">
			<Option compilerVar="CC" />
		</Unit>
		<Unit filename="cancel_func.c">
			<Option compilerVar="CC" />
		</Unit>
		<Unit filename="check.c">
			<Option compilerVar="CC" />
		</Unit>
		<Unit filename="delete.c">
			<Option compilerVar="CC" />
		</Unit>
		<Unit filename="display_T_details.c">
			<Option compilerVar="CC" />
		</Unit>
		<Unit filename="display_details.c">
			<Option compilerVar="CC" />
		</Unit>
		<Unit filename="func.h">
			<Option target="&lt;{~None~}&gt;" />
		</Unit>
		<Unit filename="main.c">
			<Option compilerVar="CC" />
		</Unit>
		<Unit filename="struct.h" />
		<Extensions>
			<code_completion />
			<envvars />
			<debugger />
			<lib_finder disable_auto="1" />
		</Extensions>
	</Project>
</CodeBlocks_project_file>
